
Microsoft Visual Studio Solution File, Format Version 12.00
# Visual Studio Version 16
VisualStudioVersion = 16.0.29326.143
MinimumVisualStudioVersion = 10.0.40219.1
Project("{FAE04EC0-301F-11D3-BF4B-00C04F79EFBC}") = "EFCFSchool", "EFCFSchool\EFCFSchool.csproj", "{BCEFDEEF-65A7-491A-A42C-2E9A781CABB7}"
EndProject
Global
	GlobalSection(SolutionConfigurationPlatforms) = preSolution
		Debug|Any CPU = Debug|Any CPU
		Release|Any CPU = Release|Any CPU
	EndGlobalSection
	GlobalSection(ProjectConfigurationPlatforms) = postSolution
		{BCEFDEEF-65A7-491A-A42C-2E9A781CABB7}.Debug|Any CPU.ActiveCfg = Debug|Any CPU
		{BCEFDEEF-65A7-491A-A42C-2E9A781CABB7}.Debug|Any CPU.Build.0 = Debug|Any CPU
		{BCEFDEEF-65A7-491A-A42C-2E9A781CABB7}.Release|Any CPU.ActiveCfg = Release|Any CPU
		{BCEFDEEF-65A7-491A-A42C-2E9A781CABB7}.Release|Any CPU.Build.0 = Release|Any CPU
	EndGlobalSection
	GlobalSection(SolutionProperties) = preSolution
		HideSolutionNode = FALSE
	EndGlobalSection
	GlobalSection(ExtensibilityGlobals) = postSolution
		SolutionGuid = {3DFEAA85-ABB0-438B-93E6-F2FDCB17C897}
	EndGlobalSection
EndGlobal
